
Microsoft Visual Studio Solution File, Format Version 12.00
Project("{FAE04EC0-301F-11D3-BF4B-00C04F79EFBC}") = "UI", "UI\UI\UI.csproj", "{4D81D06E-F046-4A78-A2BE-2C3C15C9303C}"
EndProject
Project("{FAE04EC0-301F-11D3-BF4B-00C04F79EFBC}") = "UI.Desktop", "UI\UI.Desktop\UI.Desktop.csproj", "{CE1DF94D-B033-43A5-906D-77B2D9B29687}"
EndProject
Project("{FAE04EC0-301F-11D3-BF4B-00C04F79EFBC}") = "UI.Browser", "UI\UI.Browser\UI.Browser.csproj", "{2BFEFAAF-771F-47BE-8B0F-15BB2AFFC4FA}"
EndProject
Project("{2150E333-8FDC-42A3-9474-1A3956D46DE8}") = "src", "src", "{C68CC3F4-FAC8-4760-A98C-850339E1954F}"
EndProject
Project("{2150E333-8FDC-42A3-9474-1A3956D46DE8}") = "tests", "tests", "{AF682FFF-FAD0-4F7E-905B-6FCCAC3448CD}"
EndProject
Project("{FAE04EC0-301F-11D3-BF4B-00C04F79EFBC}") = "Domain", "Domain\Domain.csproj", "{A9FF7456-388A-474C-8B27-6E1C05187E54}"
EndProject
Project("{FAE04EC0-301F-11D3-BF4B-00C04F79EFBC}") = "Infrastructure", "Infrastructure\Infrastructure.csproj", "{566908CB-22E3-48D4-BDBD-57188ED5C426}"
EndProject
Project("{FAE04EC0-301F-11D3-BF4B-00C04F79EFBC}") = "Application", "Application\Application.csproj", "{CD57C09C-DC07-4981-973A-86E2D5D30D18}"
EndProject
Global
	GlobalSection(SolutionConfigurationPlatforms) = preSolution
		Debug|Any CPU = Debug|Any CPU
		Release|Any CPU = Release|Any CPU
	EndGlobalSection
	GlobalSection(ProjectConfigurationPlatforms) = postSolution
		{4D81D06E-F046-4A78-A2BE-2C3C15C9303C}.Debug|Any CPU.ActiveCfg = Debug|Any CPU
		{4D81D06E-F046-4A78-A2BE-2C3C15C9303C}.Debug|Any CPU.Build.0 = Debug|Any CPU
		{4D81D06E-F046-4A78-A2BE-2C3C15C9303C}.Release|Any CPU.ActiveCfg = Release|Any CPU
		{4D81D06E-F046-4A78-A2BE-2C3C15C9303C}.Release|Any CPU.Build.0 = Release|Any CPU
		{CE1DF94D-B033-43A5-906D-77B2D9B29687}.Debug|Any CPU.ActiveCfg = Debug|Any CPU
		{CE1DF94D-B033-43A5-906D-77B2D9B29687}.Debug|Any CPU.Build.0 = Debug|Any CPU
		{CE1DF94D-B033-43A5-906D-77B2D9B29687}.Release|Any CPU.ActiveCfg = Release|Any CPU
		{CE1DF94D-B033-43A5-906D-77B2D9B29687}.Release|Any CPU.Build.0 = Release|Any CPU
		{2BFEFAAF-771F-47BE-8B0F-15BB2AFFC4FA}.Debug|Any CPU.ActiveCfg = Debug|Any CPU
		{2BFEFAAF-771F-47BE-8B0F-15BB2AFFC4FA}.Debug|Any CPU.Build.0 = Debug|Any CPU
		{2BFEFAAF-771F-47BE-8B0F-15BB2AFFC4FA}.Release|Any CPU.ActiveCfg = Release|Any CPU
		{2BFEFAAF-771F-47BE-8B0F-15BB2AFFC4FA}.Release|Any CPU.Build.0 = Release|Any CPU
		{A9FF7456-388A-474C-8B27-6E1C05187E54}.Debug|Any CPU.ActiveCfg = Debug|Any CPU
		{A9FF7456-388A-474C-8B27-6E1C05187E54}.Debug|Any CPU.Build.0 = Debug|Any CPU
		{A9FF7456-388A-474C-8B27-6E1C05187E54}.Release|Any CPU.ActiveCfg = Release|Any CPU
		{A9FF7456-388A-474C-8B27-6E1C05187E54}.Release|Any CPU.Build.0 = Release|Any CPU
		{566908CB-22E3-48D4-BDBD-57188ED5C426}.Debug|Any CPU.ActiveCfg = Debug|Any CPU
		{566908CB-22E3-48D4-BDBD-57188ED5C426}.Debug|Any CPU.Build.0 = Debug|Any CPU
		{566908CB-22E3-48D4-BDBD-57188ED5C426}.Release|Any CPU.ActiveCfg = Release|Any CPU
		{566908CB-22E3-48D4-BDBD-57188ED5C426}.Release|Any CPU.Build.0 = Release|Any CPU
		{CD57C09C-DC07-4981-973A-86E2D5D30D18}.Debug|Any CPU.ActiveCfg = Debug|Any CPU
		{CD57C09C-DC07-4981-973A-86E2D5D30D18}.Debug|Any CPU.Build.0 = Debug|Any CPU
		{CD57C09C-DC07-4981-973A-86E2D5D30D18}.Release|Any CPU.ActiveCfg = Release|Any CPU
		{CD57C09C-DC07-4981-973A-86E2D5D30D18}.Release|Any CPU.Build.0 = Release|Any CPU
	EndGlobalSection
	GlobalSection(NestedProjects) = preSolution
		{4D81D06E-F046-4A78-A2BE-2C3C15C9303C} = {C68CC3F4-FAC8-4760-A98C-850339E1954F}
		{2BFEFAAF-771F-47BE-8B0F-15BB2AFFC4FA} = {C68CC3F4-FAC8-4760-A98C-850339E1954F}
		{CE1DF94D-B033-43A5-906D-77B2D9B29687} = {C68CC3F4-FAC8-4760-A98C-850339E1954F}
		{A9FF7456-388A-474C-8B27-6E1C05187E54} = {C68CC3F4-FAC8-4760-A98C-850339E1954F}
		{566908CB-22E3-48D4-BDBD-57188ED5C426} = {C68CC3F4-FAC8-4760-A98C-850339E1954F}
		{CD57C09C-DC07-4981-973A-86E2D5D30D18} = {C68CC3F4-FAC8-4760-A98C-850339E1954F}
	EndGlobalSection
EndGlobal
